
Microsoft Visual Studio Solution File, Format Version 12.00
# Visual Studio 15
VisualStudioVersion = 15.0.28307.852
MinimumVisualStudioVersion = 10.0.40219.1
Project("{9A19103F-16F7-4668-BE54-9A1E7A4F7556}") = "MovieRatingPredictor", "MovieRatingPredictor\MovieRatingPredictor.csproj", "{B0E8ADE8-50C5-48FB-AAF8-E2A440B411EE}"
EndProject
Global
	GlobalSection(SolutionConfigurationPlatforms) = preSolution
		Debug|Any CPU = Debug|Any CPU
		Release|Any CPU = Release|Any CPU
	EndGlobalSection
	GlobalSection(ProjectConfigurationPlatforms) = postSolution
		{B0E8ADE8-50C5-48FB-AAF8-E2A440B411EE}.Debug|Any CPU.ActiveCfg = Debug|Any CPU
		{B0E8ADE8-50C5-48FB-AAF8-E2A440B411EE}.Debug|Any CPU.Build.0 = Debug|Any CPU
		{B0E8ADE8-50C5-48FB-AAF8-E2A440B411EE}.Release|Any CPU.ActiveCfg = Release|Any CPU
		{B0E8ADE8-50C5-48FB-AAF8-E2A440B411EE}.Release|Any CPU.Build.0 = Release|Any CPU
	EndGlobalSection
	GlobalSection(SolutionProperties) = preSolution
		HideSolutionNode = FALSE
	EndGlobalSection
	GlobalSection(ExtensibilityGlobals) = postSolution
		SolutionGuid = {1883ED34-3DE0-43C5-A86C-697EAA783A6F}
	EndGlobalSection
EndGlobal
